
Microsoft Visual Studio Solution File, Format Version 12.00
# Visual Studio Version 17
VisualStudioVersion = 17.2.32630.192
MinimumVisualStudioVersion = 10.0.40219.1
Project("{FAE04EC0-301F-11D3-BF4B-00C04F79EFBC}") = "WizardKullanimi", "WizardKullanimi\WizardKullanimi.csproj", "{58931BA5-B959-4F80-8C5E-9B26E9C3B714}"
EndProject
Global
	GlobalSection(SolutionConfigurationPlatforms) = preSolution
		Debug|Any CPU = Debug|Any CPU
		Release|Any CPU = Release|Any CPU
	EndGlobalSection
	GlobalSection(ProjectConfigurationPlatforms) = postSolution
		{58931BA5-B959-4F80-8C5E-9B26E9C3B714}.Debug|Any CPU.ActiveCfg = Debug|Any CPU
		{58931BA5-B959-4F80-8C5E-9B26E9C3B714}.Debug|Any CPU.Build.0 = Debug|Any CPU
		{58931BA5-B959-4F80-8C5E-9B26E9C3B714}.Release|Any CPU.ActiveCfg = Release|Any CPU
		{58931BA5-B959-4F80-8C5E-9B26E9C3B714}.Release|Any CPU.Build.0 = Release|Any CPU
	EndGlobalSection
	GlobalSection(SolutionProperties) = preSolution
		HideSolutionNode = FALSE
	EndGlobalSection
	GlobalSection(ExtensibilityGlobals) = postSolution
		SolutionGuid = {F0AA2C1B-DD57-4E52-AD0F-C102071CDEBD}
	EndGlobalSection
EndGlobal
