
Microsoft Visual Studio Solution File, Format Version 12.00
# Visual Studio Version 16
VisualStudioVersion = 16.0.30907.101
MinimumVisualStudioVersion = 10.0.40219.1
Project("{FAE04EC0-301F-11D3-BF4B-00C04F79EFBC}") = "PdfViewerKullanimi", "PdfViewerKullanimi\PdfViewerKullanimi.csproj", "{43B5BD36-4D47-46B6-8AE0-7C972755B76C}"
EndProject
Global
	GlobalSection(SolutionConfigurationPlatforms) = preSolution
		Debug|Any CPU = Debug|Any CPU
		Release|Any CPU = Release|Any CPU
	EndGlobalSection
	GlobalSection(ProjectConfigurationPlatforms) = postSolution
		{43B5BD36-4D47-46B6-8AE0-7C972755B76C}.Debug|Any CPU.ActiveCfg = Debug|Any CPU
		{43B5BD36-4D47-46B6-8AE0-7C972755B76C}.Debug|Any CPU.Build.0 = Debug|Any CPU
		{43B5BD36-4D47-46B6-8AE0-7C972755B76C}.Release|Any CPU.ActiveCfg = Release|Any CPU
		{43B5BD36-4D47-46B6-8AE0-7C972755B76C}.Release|Any CPU.Build.0 = Release|Any CPU
	EndGlobalSection
	GlobalSection(SolutionProperties) = preSolution
		HideSolutionNode = FALSE
	EndGlobalSection
	GlobalSection(ExtensibilityGlobals) = postSolution
		SolutionGuid = {6FF532CB-CDAD-41DB-BC22-E3F8E5AFE286}
	EndGlobalSection
EndGlobal
