
Microsoft Visual Studio Solution File, Format Version 12.00
# Visual Studio Version 17
VisualStudioVersion = 17.2.32630.192
MinimumVisualStudioVersion = 10.0.40219.1
Project("{FAE04EC0-301F-11D3-BF4B-00C04F79EFBC}") = "RadialMenuKullanimi", "RadialMenuKullanimi\RadialMenuKullanimi.csproj", "{669861E9-D6C2-4E66-9692-F7B0819FB14A}"
EndProject
Global
	GlobalSection(SolutionConfigurationPlatforms) = preSolution
		Debug|Any CPU = Debug|Any CPU
		Release|Any CPU = Release|Any CPU
	EndGlobalSection
	GlobalSection(ProjectConfigurationPlatforms) = postSolution
		{669861E9-D6C2-4E66-9692-F7B0819FB14A}.Debug|Any CPU.ActiveCfg = Debug|Any CPU
		{669861E9-D6C2-4E66-9692-F7B0819FB14A}.Debug|Any CPU.Build.0 = Debug|Any CPU
		{669861E9-D6C2-4E66-9692-F7B0819FB14A}.Release|Any CPU.ActiveCfg = Release|Any CPU
		{669861E9-D6C2-4E66-9692-F7B0819FB14A}.Release|Any CPU.Build.0 = Release|Any CPU
	EndGlobalSection
	GlobalSection(SolutionProperties) = preSolution
		HideSolutionNode = FALSE
	EndGlobalSection
	GlobalSection(ExtensibilityGlobals) = postSolution
		SolutionGuid = {15907205-9FE9-4056-AEC3-0FAF12DF9510}
	EndGlobalSection
EndGlobal
