
Microsoft Visual Studio Solution File, Format Version 12.00
# Visual Studio Version 16
VisualStudioVersion = 16.0.30907.101
MinimumVisualStudioVersion = 10.0.40219.1
Project("{FAE04EC0-301F-11D3-BF4B-00C04F79EFBC}") = "Ders13GaugeControl", "Ders13GaugeControl.csproj", "{893629A0-A9AD-4C5C-8F80-751988C65A60}"
EndProject
Global
	GlobalSection(SolutionConfigurationPlatforms) = preSolution
		Debug|Any CPU = Debug|Any CPU
		Release|Any CPU = Release|Any CPU
	EndGlobalSection
	GlobalSection(ProjectConfigurationPlatforms) = postSolution
		{893629A0-A9AD-4C5C-8F80-751988C65A60}.Debug|Any CPU.ActiveCfg = Debug|Any CPU
		{893629A0-A9AD-4C5C-8F80-751988C65A60}.Debug|Any CPU.Build.0 = Debug|Any CPU
		{893629A0-A9AD-4C5C-8F80-751988C65A60}.Release|Any CPU.ActiveCfg = Release|Any CPU
		{893629A0-A9AD-4C5C-8F80-751988C65A60}.Release|Any CPU.Build.0 = Release|Any CPU
	EndGlobalSection
	GlobalSection(SolutionProperties) = preSolution
		HideSolutionNode = FALSE
	EndGlobalSection
	GlobalSection(ExtensibilityGlobals) = postSolution
		SolutionGuid = {72A58176-61A6-4680-A226-A96FA711309F}
	EndGlobalSection
EndGlobal
