
Microsoft Visual Studio Solution File, Format Version 12.00
# Visual Studio Version 17
VisualStudioVersion = 17.2.32630.192
MinimumVisualStudioVersion = 10.0.40219.1
Project("{FAE04EC0-301F-11D3-BF4B-00C04F79EFBC}") = "PopupGalleryEditKullanımı", "PopupGalleryEditKullanımı\PopupGalleryEditKullanımı.csproj", "{60664160-8FE0-4E75-BCBA-DC2567D4246F}"
EndProject
Global
	GlobalSection(SolutionConfigurationPlatforms) = preSolution
		Debug|Any CPU = Debug|Any CPU
		Release|Any CPU = Release|Any CPU
	EndGlobalSection
	GlobalSection(ProjectConfigurationPlatforms) = postSolution
		{60664160-8FE0-4E75-BCBA-DC2567D4246F}.Debug|Any CPU.ActiveCfg = Debug|Any CPU
		{60664160-8FE0-4E75-BCBA-DC2567D4246F}.Debug|Any CPU.Build.0 = Debug|Any CPU
		{60664160-8FE0-4E75-BCBA-DC2567D4246F}.Release|Any CPU.ActiveCfg = Release|Any CPU
		{60664160-8FE0-4E75-BCBA-DC2567D4246F}.Release|Any CPU.Build.0 = Release|Any CPU
	EndGlobalSection
	GlobalSection(SolutionProperties) = preSolution
		HideSolutionNode = FALSE
	EndGlobalSection
	GlobalSection(ExtensibilityGlobals) = postSolution
		SolutionGuid = {B80055D0-AB37-4DFD-AAF3-FB1E0A6F2C88}
	EndGlobalSection
EndGlobal
