
Microsoft Visual Studio Solution File, Format Version 12.00
# Visual Studio Version 17
VisualStudioVersion = 17.2.32630.192
MinimumVisualStudioVersion = 10.0.40219.1
Project("{FAE04EC0-301F-11D3-BF4B-00C04F79EFBC}") = "ExportToXKullanimi", "ExportToXKullanimi\ExportToXKullanimi.csproj", "{5136C551-FF29-4BCA-8FD9-9E5B810E7BE1}"
EndProject
Global
	GlobalSection(SolutionConfigurationPlatforms) = preSolution
		Debug|Any CPU = Debug|Any CPU
		Release|Any CPU = Release|Any CPU
	EndGlobalSection
	GlobalSection(ProjectConfigurationPlatforms) = postSolution
		{5136C551-FF29-4BCA-8FD9-9E5B810E7BE1}.Debug|Any CPU.ActiveCfg = Debug|Any CPU
		{5136C551-FF29-4BCA-8FD9-9E5B810E7BE1}.Debug|Any CPU.Build.0 = Debug|Any CPU
		{5136C551-FF29-4BCA-8FD9-9E5B810E7BE1}.Release|Any CPU.ActiveCfg = Release|Any CPU
		{5136C551-FF29-4BCA-8FD9-9E5B810E7BE1}.Release|Any CPU.Build.0 = Release|Any CPU
	EndGlobalSection
	GlobalSection(SolutionProperties) = preSolution
		HideSolutionNode = FALSE
	EndGlobalSection
	GlobalSection(ExtensibilityGlobals) = postSolution
		SolutionGuid = {304398F5-5892-488B-8E35-52F63C60E4CB}
	EndGlobalSection
EndGlobal
