
Microsoft Visual Studio Solution File, Format Version 12.00
# Visual Studio Version 16
VisualStudioVersion = 16.0.30907.101
MinimumVisualStudioVersion = 10.0.40219.1
Project("{FAE04EC0-301F-11D3-BF4B-00C04F79EFBC}") = "gridControlVeriCekme", "gridControlVeriCekme.csproj", "{FDD65BA4-8950-4E0B-93C8-0707689586C3}"
EndProject
Global
	GlobalSection(SolutionConfigurationPlatforms) = preSolution
		Debug|Any CPU = Debug|Any CPU
		Release|Any CPU = Release|Any CPU
	EndGlobalSection
	GlobalSection(ProjectConfigurationPlatforms) = postSolution
		{FDD65BA4-8950-4E0B-93C8-0707689586C3}.Debug|Any CPU.ActiveCfg = Debug|Any CPU
		{FDD65BA4-8950-4E0B-93C8-0707689586C3}.Debug|Any CPU.Build.0 = Debug|Any CPU
		{FDD65BA4-8950-4E0B-93C8-0707689586C3}.Release|Any CPU.ActiveCfg = Release|Any CPU
		{FDD65BA4-8950-4E0B-93C8-0707689586C3}.Release|Any CPU.Build.0 = Release|Any CPU
	EndGlobalSection
	GlobalSection(SolutionProperties) = preSolution
		HideSolutionNode = FALSE
	EndGlobalSection
	GlobalSection(ExtensibilityGlobals) = postSolution
		SolutionGuid = {708CCDE4-E363-4089-B1AF-5E7BD9CC3443}
	EndGlobalSection
EndGlobal
