
Microsoft Visual Studio Solution File, Format Version 12.00
# Visual Studio Version 17
VisualStudioVersion = 17.2.32630.192
MinimumVisualStudioVersion = 10.0.40219.1
Project("{FAE04EC0-301F-11D3-BF4B-00C04F79EFBC}") = "MailGondermeUygulamasi", "MailGondermeUygulamasi\MailGondermeUygulamasi.csproj", "{1D2D02B3-F48E-48EA-989B-D07E4B36C1C3}"
EndProject
Global
	GlobalSection(SolutionConfigurationPlatforms) = preSolution
		Debug|Any CPU = Debug|Any CPU
		Release|Any CPU = Release|Any CPU
	EndGlobalSection
	GlobalSection(ProjectConfigurationPlatforms) = postSolution
		{1D2D02B3-F48E-48EA-989B-D07E4B36C1C3}.Debug|Any CPU.ActiveCfg = Debug|Any CPU
		{1D2D02B3-F48E-48EA-989B-D07E4B36C1C3}.Debug|Any CPU.Build.0 = Debug|Any CPU
		{1D2D02B3-F48E-48EA-989B-D07E4B36C1C3}.Release|Any CPU.ActiveCfg = Release|Any CPU
		{1D2D02B3-F48E-48EA-989B-D07E4B36C1C3}.Release|Any CPU.Build.0 = Release|Any CPU
	EndGlobalSection
	GlobalSection(SolutionProperties) = preSolution
		HideSolutionNode = FALSE
	EndGlobalSection
	GlobalSection(ExtensibilityGlobals) = postSolution
		SolutionGuid = {657821B7-D33C-459A-BD26-5DBB93744AA2}
	EndGlobalSection
EndGlobal
