
Microsoft Visual Studio Solution File, Format Version 12.00
# Visual Studio Version 16
VisualStudioVersion = 16.0.30907.101
MinimumVisualStudioVersion = 10.0.40219.1
Project("{FAE04EC0-301F-11D3-BF4B-00C04F79EFBC}") = "DashBoardKullanimi", "DashBoardKullanimi\DashBoardKullanimi.csproj", "{26E921A4-CFEC-4147-95EA-59DE9199E1C5}"
EndProject
Global
	GlobalSection(SolutionConfigurationPlatforms) = preSolution
		Debug|Any CPU = Debug|Any CPU
		Release|Any CPU = Release|Any CPU
	EndGlobalSection
	GlobalSection(ProjectConfigurationPlatforms) = postSolution
		{26E921A4-CFEC-4147-95EA-59DE9199E1C5}.Debug|Any CPU.ActiveCfg = Debug|Any CPU
		{26E921A4-CFEC-4147-95EA-59DE9199E1C5}.Debug|Any CPU.Build.0 = Debug|Any CPU
		{26E921A4-CFEC-4147-95EA-59DE9199E1C5}.Release|Any CPU.ActiveCfg = Release|Any CPU
		{26E921A4-CFEC-4147-95EA-59DE9199E1C5}.Release|Any CPU.Build.0 = Release|Any CPU
	EndGlobalSection
	GlobalSection(SolutionProperties) = preSolution
		HideSolutionNode = FALSE
	EndGlobalSection
	GlobalSection(ExtensibilityGlobals) = postSolution
		SolutionGuid = {A5D0C10D-73AB-4D3A-8028-784A2C99DA1E}
	EndGlobalSection
EndGlobal
